{
  "name": "obsly-fastapi-demo",
  "version": "0.1.0",
  "lockfileVersion": 3,
  "requires": true,
  "packages": {
    "": {
      "name": "obsly-fastapi-demo",
      "version": "0.1.0",
      "dependencies": {
        "obsly-browser": "^0.1.0"
      }
    },
    "node_modules/obsly-browser": {
      "version": "0.1.0",
      "resolved": "https://registry.npmjs.org/obsly-browser/-/obsly-browser-0.1.0.tgz",
      "integrity": "sha512-mxg5X9PDYMGMJ657I92kIRiGVmZBtKLaf+ptUA8Swg6UjTb+kpFK/9H+vefpXQNRCmLt3Ij9EsEKlSkNj/A+Iw==",
      "license": "MIT",
      "engines": {
        "node": ">=18"
      }
    }
  }
}
